// !$*UTF8*$!
{
	archiveVersion = 1;
	classes = {
	};
	objectVersion = 51;
	objects = {

/* Begin PBXBuildFile section */
		886770502E3B14CB302FDFAF /* Pods_Twitter_Sentiment_Analysis.framework in Frameworks */ = {isa = PBXBuildFile; fileRef = 02B399415B4C5D54966AB6E4 /* Pods_Twitter_Sentiment_Analysis.framework */; };
		EA41964D22FC9E5400276741 /* AppDelegate.swift in Sources */ = {isa = PBXBuildFile; fileRef = EA41964C22FC9E5400276741 /* AppDelegate.swift */; };
		EA41964F22FC9E5400276741 /* ViewController.swift in Sources */ = {isa = PBXBuildFile; fileRef = EA41964E22FC9E5400276741 /* ViewController.swift */; };
		EA41965222FC9E5400276741 /* Main.storyboard in Resources */ = {isa = PBXBuildFile; fileRef = EA41965022FC9E5400276741 /* Main.storyboard */; };
		EA41965422FC9E5500276741 /* Assets.xcassets in Resources */ = {isa = PBXBuildFile; fileRef = EA41965322FC9E5500276741 /* Assets.xcassets */; };
		EA41965722FC9E5500276741 /* LaunchScreen.storyboard in Resources */ = {isa = PBXBuildFile; fileRef = EA41965522FC9E5500276741 /* LaunchScreen.storyboard */; };
		EAA6FAD6239DC9540012BB29 /* SwifteriOS.framework in Frameworks */ = {isa = PBXBuildFile; fileRef = EAA6FACD239DC9230012BB29 /* SwifteriOS.framework */; };
		EAA6FAD7239DC9540012BB29 /* SwifteriOS.framework in Embed Frameworks */ = {isa = PBXBuildFile; fileRef = EAA6FACD239DC9230012BB29 /* SwifteriOS.framework */; settings = {ATTRIBUTES = (CodeSignOnCopy, RemoveHeadersOnCopy, ); }; };
		EABE077122FFF768009127A6 /* TwitterSentimentClassifier.mlmodel in Sources */ = {isa = PBXBuildFile; fileRef = EABE077022FFF768009127A6 /* TwitterSentimentClassifier.mlmodel */; };
/* End PBXBuildFile section */

/* Begin PBXContainerItemProxy section */
		EAA6FACC239DC9230012BB29 /* PBXContainerItemProxy */ = {
			isa = PBXContainerItemProxy;
			containerPortal = EAA6FAC4239DC9230012BB29 /* Swifter.xcodeproj */;
			proxyType = 2;
			remoteGlobalIDString = 8B9F50EE1944A5AB00894629;
			remoteInfo = SwifteriOS;
		};
		EAA6FACE239DC9230012BB29 /* PBXContainerItemProxy */ = {
			isa = PBXContainerItemProxy;
			containerPortal = EAA6FAC4239DC9230012BB29 /* Swifter.xcodeproj */;
			proxyType = 2;
			remoteGlobalIDString = 8B9F51131944A61D00894629;
			remoteInfo = SwifterMac;
		};
		EAA6FAD0239DC9230012BB29 /* PBXContainerItemProxy */ = {
			isa = PBXContainerItemProxy;
			containerPortal = EAA6FAC4239DC9230012BB29 /* Swifter.xcodeproj */;
			proxyType = 2;
			remoteGlobalIDString = 8B300C1F1944AA1A00993175;
			remoteInfo = SwifterDemoiOS;
		};
		EAA6FAD2239DC9230012BB29 /* PBXContainerItemProxy */ = {
			isa = PBXContainerItemProxy;
			containerPortal = EAA6FAC4239DC9230012BB29 /* Swifter.xcodeproj */;
			proxyType = 2;
			remoteGlobalIDString = 8B300C471944AECB00993175;
			remoteInfo = SwifterDemoMac;
		};
		EAA6FAD4239DC9230012BB29 /* PBXContainerItemProxy */ = {
			isa = PBXContainerItemProxy;
			containerPortal = EAA6FAC4239DC9230012BB29 /* Swifter.xcodeproj */;
			proxyType = 2;
			remoteGlobalIDString = F6B4D5751C7BAC4500E06514;
			remoteInfo = SwifterTests;
		};
/* End PBXContainerItemProxy section */

/* Begin PBXCopyFilesBuildPhase section */
		EAA6FAD8239DC9550012BB29 /* Embed Frameworks */ = {
			isa = PBXCopyFilesBuildPhase;
			buildActionMask = 2147483647;
			dstPath = "";
			dstSubfolderSpec = 10;
			files = (
				EAA6FAD7239DC9540012BB29 /* SwifteriOS.framework in Embed Frameworks */,
			);
			name = "Embed Frameworks";
			runOnlyForDeploymentPostprocessing = 0;
		};
/* End PBXCopyFilesBuildPhase section */

/* Begin PBXFileReference section */
		02B399415B4C5D54966AB6E4 /* Pods_Twitter_Sentiment_Analysis.framework */ = {isa = PBXFileReference; explicitFileType = wrapper.framework; includeInIndex = 0; path = Pods_Twitter_Sentiment_Analysis.framework; sourceTree = BUILT_PRODUCTS_DIR; };
		1D672D2B5730A492E68C2021 /* Pods-Twitter-Sentiment-Analysis.release.xcconfig */ = {isa = PBXFileReference; includeInIndex = 1; lastKnownFileType = text.xcconfig; name = "Pods-Twitter-Sentiment-Analysis.release.xcconfig"; path = "Target Support Files/Pods-Twitter-Sentiment-Analysis/Pods-Twitter-Sentiment-Analysis.release.xcconfig"; sourceTree = "<group>"; };
		3CE33216CC1988095F8271E9 /* Pods-Twitter-Sentiment-Analysis.debug.xcconfig */ = {isa = PBXFileReference; includeInIndex = 1; lastKnownFileType = text.xcconfig; name = "Pods-Twitter-Sentiment-Analysis.debug.xcconfig"; path = "Target Support Files/Pods-Twitter-Sentiment-Analysis/Pods-Twitter-Sentiment-Analysis.debug.xcconfig"; sourceTree = "<group>"; };
		EA41964922FC9E5400276741 /* Twitter-Sentiment-Analysis.app */ = {isa = PBXFileReference; explicitFileType = wrapper.application; includeInIndex = 0; path = "Twitter-Sentiment-Analysis.app"; sourceTree = BUILT_PRODUCTS_DIR; };
		EA41964C22FC9E5400276741 /* AppDelegate.swift */ = {isa = PBXFileReference; lastKnownFileType = sourcecode.swift; path = AppDelegate.swift; sourceTree = "<group>"; };
		EA41964E22FC9E5400276741 /* ViewController.swift */ = {isa = PBXFileReference; lastKnownFileType = sourcecode.swift; path = ViewController.swift; sourceTree = "<group>"; };
		EA41965122FC9E5400276741 /* Base */ = {isa = PBXFileReference; lastKnownFileType = file.storyboard; name = Base; path = Base.lproj/Main.storyboard; sourceTree = "<group>"; };
		EA41965322FC9E5500276741 /* Assets.xcassets */ = {isa = PBXFileReference; lastKnownFileType = folder.assetcatalog; path = Assets.xcassets; sourceTree = "<group>"; };
		EA41965622FC9E5500276741 /* Base */ = {isa = PBXFileReference; lastKnownFileType = file.storyboard; name = Base; path = Base.lproj/LaunchScreen.storyboard; sourceTree = "<group>"; };
		EA41965822FC9E5500276741 /* Info.plist */ = {isa = PBXFileReference; lastKnownFileType = text.plist.xml; path = Info.plist; sourceTree = "<group>"; };
		EAA6FABC239DC76F0012BB29 /* Swifter.framework */ = {isa = PBXFileReference; explicitFileType = wrapper.framework; path = Swifter.framework; sourceTree = BUILT_PRODUCTS_DIR; };
		EAA6FAC0239DC7960012BB29 /* Swifter.framework */ = {isa = PBXFileReference; explicitFileType = wrapper.framework; path = Swifter.framework; sourceTree = BUILT_PRODUCTS_DIR; };
		EAA6FAC4239DC9230012BB29 /* Swifter.xcodeproj */ = {isa = PBXFileReference; lastKnownFileType = "wrapper.pb-project"; name = Swifter.xcodeproj; path = "../../Downloads/Swifter-master/Swifter.xcodeproj"; sourceTree = "<group>"; };
		EABE077022FFF768009127A6 /* TwitterSentimentClassifier.mlmodel */ = {isa = PBXFileReference; lastKnownFileType = file.mlmodel; path = TwitterSentimentClassifier.mlmodel; sourceTree = "<group>"; };
/* End PBXFileReference section */

/* Begin PBXFrameworksBuildPhase section */
		EA41964622FC9E5400276741 /* Frameworks */ = {
			isa = PBXFrameworksBuildPhase;
			buildActionMask = 2147483647;
			files = (
				886770502E3B14CB302FDFAF /* Pods_Twitter_Sentiment_Analysis.framework in Frameworks */,
				EAA6FAD6239DC9540012BB29 /* SwifteriOS.framework in Frameworks */,
			);
			runOnlyForDeploymentPostprocessing = 0;
		};
/* End PBXFrameworksBuildPhase section */

/* Begin PBXGroup section */
		E92064DA22453C658F30F3F8 /* Frameworks */ = {
			isa = PBXGroup;
			children = (
				EAA6FAC0239DC7960012BB29 /* Swifter.framework */,
				EAA6FABC239DC76F0012BB29 /* Swifter.framework */,
				02B399415B4C5D54966AB6E4 /* Pods_Twitter_Sentiment_Analysis.framework */,
			);
			name = Frameworks;
			sourceTree = "<group>";
		};
		EA41964022FC9E5400276741 = {
			isa = PBXGroup;
			children = (
				EAA6FAC4239DC9230012BB29 /* Swifter.xcodeproj */,
				EA41964B22FC9E5400276741 /* Twitter-Sentiment-Analysis */,
				EA41964A22FC9E5400276741 /* Products */,
				F338ECC80B65E36815F23C82 /* Pods */,
				E92064DA22453C658F30F3F8 /* Frameworks */,
			);
			sourceTree = "<group>";
		};
		EA41964A22FC9E5400276741 /* Products */ = {
			isa = PBXGroup;
			children = (
				EA41964922FC9E5400276741 /* Twitter-Sentiment-Analysis.app */,
			);
			name = Products;
			sourceTree = "<group>";
		};
		EA41964B22FC9E5400276741 /* Twitter-Sentiment-Analysis */ = {
			isa = PBXGroup;
			children = (
				EABE077022FFF768009127A6 /* TwitterSentimentClassifier.mlmodel */,
				EA41964C22FC9E5400276741 /* AppDelegate.swift */,
				EA41964E22FC9E5400276741 /* ViewController.swift */,
				EA41965022FC9E5400276741 /* Main.storyboard */,
				EA41965322FC9E5500276741 /* Assets.xcassets */,
				EA41965522FC9E5500276741 /* LaunchScreen.storyboard */,
				EA41965822FC9E5500276741 /* Info.plist */,
			);
			path = "Twitter-Sentiment-Analysis";
			sourceTree = "<group>";
		};
		EAA6FAC5239DC9230012BB29 /* Products */ = {
			isa = PBXGroup;
			children = (
				EAA6FACD239DC9230012BB29 /* SwifteriOS.framework */,
				EAA6FACF239DC9230012BB29 /* SwifterMac.framework */,
				EAA6FAD1239DC9230012BB29 /* SwifterDemoiOS.app */,
				EAA6FAD3239DC9230012BB29 /* SwifterDemoMac.app */,
				EAA6FAD5239DC9230012BB29 /* SwifterTests.xctest */,
			);
			name = Products;
			sourceTree = "<group>";
		};
		F338ECC80B65E36815F23C82 /* Pods */ = {
			isa = PBXGroup;
			children = (
				3CE33216CC1988095F8271E9 /* Pods-Twitter-Sentiment-Analysis.debug.xcconfig */,
				1D672D2B5730A492E68C2021 /* Pods-Twitter-Sentiment-Analysis.release.xcconfig */,
			);
			path = Pods;
			sourceTree = "<group>";
		};
/* End PBXGroup section */

/* Begin PBXNativeTarget section */
		EA41964822FC9E5400276741 /* Twitter-Sentiment-Analysis */ = {
			isa = PBXNativeTarget;
			buildConfigurationList = EA41965B22FC9E5500276741 /* Build configuration list for PBXNativeTarget "Twitter-Sentiment-Analysis" */;
			buildPhases = (
				8165A68B2602BD88024B0364 /* [CP] Check Pods Manifest.lock */,
				EA41964522FC9E5400276741 /* Sources */,
				EA41964622FC9E5400276741 /* Frameworks */,
				EA41964722FC9E5400276741 /* Resources */,
				34F1F3E0677CDBEC5E552B89 /* [CP] Embed Pods Frameworks */,
				EAA6FAD8239DC9550012BB29 /* Embed Frameworks */,
			);
			buildRules = (
			);
			dependencies = (
			);
			name = "Twitter-Sentiment-Analysis";
			productName = "Twitter-Sentiment-Analysis";
			productReference = EA41964922FC9E5400276741 /* Twitter-Sentiment-Analysis.app */;
			productType = "com.apple.product-type.application";
		};
/* End PBXNativeTarget section */

/* Begin PBXProject section */
		EA41964122FC9E5400276741 /* Project object */ = {
			isa = PBXProject;
			attributes = {
				LastSwiftUpdateCheck = 1020;
				LastUpgradeCheck = 1020;
				ORGANIZATIONNAME = "Elina Lua Ming";
				TargetAttributes = {
					EA41964822FC9E5400276741 = {
						CreatedOnToolsVersion = 10.2.1;
					};
				};
			};
			buildConfigurationList = EA41964422FC9E5400276741 /* Build configuration list for PBXProject "Twitter-Sentiment-Analysis" */;
			compatibilityVersion = "Xcode 9.3";
			developmentRegion = en;
			hasScannedForEncodings = 0;
			knownRegions = (
				en,
				Base,
			);
			mainGroup = EA41964022FC9E5400276741;
			productRefGroup = EA41964A22FC9E5400276741 /* Products */;
			projectDirPath = "";
			projectReferences = (
				{
					ProductGroup = EAA6FAC5239DC9230012BB29 /* Products */;
					ProjectRef = EAA6FAC4239DC9230012BB29 /* Swifter.xcodeproj */;
				},
			);
			projectRoot = "";
			targets = (
				EA41964822FC9E5400276741 /* Twitter-Sentiment-Analysis */,
			);
		};
/* End PBXProject section */

/* Begin PBXReferenceProxy section */
		EAA6FACD239DC9230012BB29 /* SwifteriOS.framework */ = {
			isa = PBXReferenceProxy;
			fileType = wrapper.framework;
			path = SwifteriOS.framework;
			remoteRef = EAA6FACC239DC9230012BB29 /* PBXContainerItemProxy */;
			sourceTree = BUILT_PRODUCTS_DIR;
		};
		EAA6FACF239DC9230012BB29 /* SwifterMac.framework */ = {
			isa = PBXReferenceProxy;
			fileType = wrapper.framework;
			path = SwifterMac.framework;
			remoteRef = EAA6FACE239DC9230012BB29 /* PBXContainerItemProxy */;
			sourceTree = BUILT_PRODUCTS_DIR;
		};
		EAA6FAD1239DC9230012BB29 /* SwifterDemoiOS.app */ = {
			isa = PBXReferenceProxy;
			fileType = wrapper.application;
			path = SwifterDemoiOS.app;
			remoteRef = EAA6FAD0239DC9230012BB29 /* PBXContainerItemProxy */;
			sourceTree = BUILT_PRODUCTS_DIR;
		};
		EAA6FAD3239DC9230012BB29 /* SwifterDemoMac.app */ = {
			isa = PBXReferenceProxy;
			fileType = wrapper.application;
			path = SwifterDemoMac.app;
			remoteRef = EAA6FAD2239DC9230012BB29 /* PBXContainerItemProxy */;
			sourceTree = BUILT_PRODUCTS_DIR;
		};
		EAA6FAD5239DC9230012BB29 /* SwifterTests.xctest */ = {
			isa = PBXReferenceProxy;
			fileType = wrapper.cfbundle;
			path = SwifterTests.xctest;
			remoteRef = EAA6FAD4239DC9230012BB29 /* PBXContainerItemProxy */;
			sourceTree = BUILT_PRODUCTS_DIR;
		};
/* End PBXReferenceProxy section */

/* Begin PBXResourcesBuildPhase section */
		EA41964722FC9E5400276741 /* Resources */ = {
			isa = PBXResourcesBuildPhase;
			buildActionMask = 2147483647;
			files = (
				EA41965722FC9E5500276741 /* LaunchScreen.storyboard in Resources */,
				EA41965422FC9E5500276741 /* Assets.xcassets in Resources */,
				EA41965222FC9E5400276741 /* Main.storyboard in Resources */,
			);
			runOnlyForDeploymentPostprocessing = 0;
		};
/* End PBXResourcesBuildPhase section */

/* Begin PBXShellScriptBuildPhase section */
		34F1F3E0677CDBEC5E552B89 /* [CP] Embed Pods Frameworks */ = {
			isa = PBXShellScriptBuildPhase;
			buildActionMask = 2147483647;
			files = (
			);
			inputFileListPaths = (
				"${PODS_ROOT}/Target Support Files/Pods-Twitter-Sentiment-Analysis/Pods-Twitter-Sentiment-Analysis-frameworks-${CONFIGURATION}-input-files.xcfilelist",
			);
			name = "[CP] Embed Pods Frameworks";
			outputFileListPaths = (
				"${PODS_ROOT}/Target Support Files/Pods-Twitter-Sentiment-Analysis/Pods-Twitter-Sentiment-Analysis-frameworks-${CONFIGURATION}-output-files.xcfilelist",
			);
			runOnlyForDeploymentPostprocessing = 0;
			shellPath = /bin/sh;
			shellScript = "\"${PODS_ROOT}/Target Support Files/Pods-Twitter-Sentiment-Analysis/Pods-Twitter-Sentiment-Analysis-frameworks.sh\"\n";
			showEnvVarsInLog = 0;
		};
		8165A68B2602BD88024B0364 /* [CP] Check Pods Manifest.lock */ = {
			isa = PBXShellScriptBuildPhase;
			buildActionMask = 2147483647;
			files = (
			);
			inputFileListPaths = (
			);
			inputPaths = (
				"${PODS_PODFILE_DIR_PATH}/Podfile.lock",
				"${PODS_ROOT}/Manifest.lock",
			);
			name = "[CP] Check Pods Manifest.lock";
			outputFileListPaths = (
			);
			outputPaths = (
				"$(DERIVED_FILE_DIR)/Pods-Twitter-Sentiment-Analysis-checkManifestLockResult.txt",
			);
			runOnlyForDeploymentPostprocessing = 0;
			shellPath = /bin/sh;
			shellScript = "diff \"${PODS_PODFILE_DIR_PATH}/Podfile.lock\" \"${PODS_ROOT}/Manifest.lock\" > /dev/null\nif [ $? != 0 ] ; then\n    # print error to STDERR\n    echo \"error: The sandbox is not in sync with the Podfile.lock. Run 'pod install' or update your CocoaPods installation.\" >&2\n    exit 1\nfi\n# This output is used by Xcode 'outputs' to avoid re-running this script phase.\necho \"SUCCESS\" > \"${SCRIPT_OUTPUT_FILE_0}\"\n";
			showEnvVarsInLog = 0;
		};
/* End PBXShellScriptBuildPhase section */

/* Begin PBXSourcesBuildPhase section */
		EA41964522FC9E5400276741 /* Sources */ = {
			isa = PBXSourcesBuildPhase;
			buildActionMask = 2147483647;
			files = (
				EABE077122FFF768009127A6 /* TwitterSentimentClassifier.mlmodel in Sources */,
				EA41964F22FC9E5400276741 /* ViewController.swift in Sources */,
				EA41964D22FC9E5400276741 /* AppDelegate.swift in Sources */,
			);
			runOnlyForDeploymentPostprocessing = 0;
		};
/* End PBXSourcesBuildPhase section */

/* Begin PBXVariantGroup section */
		EA41965022FC9E5400276741 /* Main.storyboard */ = {
			isa = PBXVariantGroup;
			children = (
				EA41965122FC9E5400276741 /* Base */,
			);
			name = Main.storyboard;
			sourceTree = "<group>";
		};
		EA41965522FC9E5500276741 /* LaunchScreen.storyboard */ = {
			isa = PBXVariantGroup;
			children = (
				EA41965622FC9E5500276741 /* Base */,
			);
			name = LaunchScreen.storyboard;
			sourceTree = "<group>";
		};
/* End PBXVariantGroup section */

/* Begin XCBuildConfiguration section */
		EA41965922FC9E5500276741 /* Debug */ = {
			isa = XCBuildConfiguration;
			buildSettings = {
				ALWAYS_SEARCH_USER_PATHS = NO;
				CLANG_ANALYZER_NONNULL = YES;
				CLANG_ANALYZER_NUMBER_OBJECT_CONVERSION = YES_AGGRESSIVE;
				CLANG_CXX_LANGUAGE_STANDARD = "gnu++14";
				CLANG_CXX_LIBRARY = "libc++";
				CLANG_ENABLE_MODULES = YES;
				CLANG_ENABLE_OBJC_ARC = YES;
				CLANG_ENABLE_OBJC_WEAK = YES;
				CLANG_WARN_BLOCK_CAPTURE_AUTORELEASING = YES;
				CLANG_WARN_BOOL_CONVERSION = YES;
				CLANG_WARN_COMMA = YES;
				CLANG_WARN_CONSTANT_CONVERSION = YES;
				CLANG_WARN_DEPRECATED_OBJC_IMPLEMENTATIONS = YES;
				CLANG_WARN_DIRECT_OBJC_ISA_USAGE = YES_ERROR;
				CLANG_WARN_DOCUMENTATION_COMMENTS = YES;
				CLANG_WARN_EMPTY_BODY = YES;
				CLANG_WARN_ENUM_CONVERSION = YES;
				CLANG_WARN_INFINITE_RECURSION = YES;
				CLANG_WARN_INT_CONVERSION = YES;
				CLANG_WARN_NON_LITERAL_NULL_CONVERSION = YES;
				CLANG_WARN_OBJC_IMPLICIT_RETAIN_SELF = YES;
				CLANG_WARN_OBJC_LITERAL_CONVERSION = YES;
				CLANG_WARN_OBJC_ROOT_CLASS = YES_ERROR;
				CLANG_WARN_RANGE_LOOP_ANALYSIS = YES;
				CLANG_WARN_STRICT_PROTOTYPES = YES;
				CLANG_WARN_SUSPICIOUS_MOVE = YES;
				CLANG_WARN_UNGUARDED_AVAILABILITY = YES_AGGRESSIVE;
				CLANG_WARN_UNREACHABLE_CODE = YES;
				CLANG_WARN__DUPLICATE_METHOD_MATCH = YES;
				CODE_SIGN_IDENTITY = "iPhone Developer";
				COPY_PHASE_STRIP = NO;
				DEBUG_INFORMATION_FORMAT = dwarf;
				ENABLE_STRICT_OBJC_MSGSEND = YES;
				ENABLE_TESTABILITY = YES;
				GCC_C_LANGUAGE_STANDARD = gnu11;
				GCC_DYNAMIC_NO_PIC = NO;
				GCC_NO_COMMON_BLOCKS = YES;
				GCC_OPTIMIZATION_LEVEL = 0;
				GCC_PREPROCESSOR_DEFINITIONS = (
					"DEBUG=1",
					"$(inherited)",
				);
				GCC_WARN_64_TO_32_BIT_CONVERSION = YES;
				GCC_WARN_ABOUT_RETURN_TYPE = YES_ERROR;
				GCC_WARN_UNDECLARED_SELECTOR = YES;
				GCC_WARN_UNINITIALIZED_AUTOS = YES_AGGRESSIVE;
				GCC_WARN_UNUSED_FUNCTION = YES;
				GCC_WARN_UNUSED_VARIABLE = YES;
				IPHONEOS_DEPLOYMENT_TARGET = 12.2;
				MTL_ENABLE_DEBUG_INFO = INCLUDE_SOURCE;
				MTL_FAST_MATH = YES;
				ONLY_ACTIVE_ARCH = YES;
				SDKROOT = iphoneos;
				SWIFT_ACTIVE_COMPILATION_CONDITIONS = DEBUG;
				SWIFT_OPTIMIZATION_LEVEL = "-Onone";
			};
			name = Debug;
		};
		EA41965A22FC9E5500276741 /* Release */ = {
			isa = XCBuildConfiguration;
			buildSettings = {
				ALWAYS_SEARCH_USER_PATHS = NO;
				CLANG_ANALYZER_NONNULL = YES;
				CLANG_ANALYZER_NUMBER_OBJECT_CONVERSION = YES_AGGRESSIVE;
				CLANG_CXX_LANGUAGE_STANDARD = "gnu++14";
				CLANG_CXX_LIBRARY = "libc++";
				CLANG_ENABLE_MODULES = YES;
				CLANG_ENABLE_OBJC_ARC = YES;
				CLANG_ENABLE_OBJC_WEAK = YES;
				CLANG_WARN_BLOCK_CAPTURE_AUTORELEASING = YES;
				CLANG_WARN_BOOL_CONVERSION = YES;
				CLANG_WARN_COMMA = YES;
				CLANG_WARN_CONSTANT_CONVERSION = YES;
				CLANG_WARN_DEPRECATED_OBJC_IMPLEMENTATIONS = YES;
				CLANG_WARN_DIRECT_OBJC_ISA_USAGE = YES_ERROR;
				CLANG_WARN_DOCUMENTATION_COMMENTS = YES;
				CLANG_WARN_EMPTY_BODY = YES;
				CLANG_WARN_ENUM_CONVERSION = YES;
				CLANG_WARN_INFINITE_RECURSION = YES;
				CLANG_WARN_INT_CONVERSION = YES;
				CLANG_WARN_NON_LITERAL_NULL_CONVERSION = YES;
				CLANG_WARN_OBJC_IMPLICIT_RETAIN_SELF = YES;
				CLANG_WARN_OBJC_LITERAL_CONVERSION = YES;
				CLANG_WARN_OBJC_ROOT_CLASS = YES_ERROR;
				CLANG_WARN_RANGE_LOOP_ANALYSIS = YES;
				CLANG_WARN_STRICT_PROTOTYPES = YES;
				CLANG_WARN_SUSPICIOUS_MOVE = YES;
				CLANG_WARN_UNGUARDED_AVAILABILITY = YES_AGGRESSIVE;
				CLANG_WARN_UNREACHABLE_CODE = YES;
				CLANG_WARN__DUPLICATE_METHOD_MATCH = YES;
				CODE_SIGN_IDENTITY = "iPhone Developer";
				COPY_PHASE_STRIP = NO;
				DEBUG_INFORMATION_FORMAT = "dwarf-with-dsym";
				ENABLE_NS_ASSERTIONS = NO;
				ENABLE_STRICT_OBJC_MSGSEND = YES;
				GCC_C_LANGUAGE_STANDARD = gnu11;
				GCC_NO_COMMON_BLOCKS = YES;
				GCC_WARN_64_TO_32_BIT_CONVERSION = YES;
				GCC_WARN_ABOUT_RETURN_TYPE = YES_ERROR;
				GCC_WARN_UNDECLARED_SELECTOR = YES;
				GCC_WARN_UNINITIALIZED_AUTOS = YES_AGGRESSIVE;
				GCC_WARN_UNUSED_FUNCTION = YES;
				GCC_WARN_UNUSED_VARIABLE = YES;
				IPHONEOS_DEPLOYMENT_TARGET = 12.2;
				MTL_ENABLE_DEBUG_INFO = NO;
				MTL_FAST_MATH = YES;
				SDKROOT = iphoneos;
				SWIFT_COMPILATION_MODE = wholemodule;
				SWIFT_OPTIMIZATION_LEVEL = "-O";
				VALIDATE_PRODUCT = YES;
			};
			name = Release;
		};
		EA41965C22FC9E5500276741 /* Debug */ = {
			isa = XCBuildConfiguration;
			baseConfigurationReference = 3CE33216CC1988095F8271E9 /* Pods-Twitter-Sentiment-Analysis.debug.xcconfig */;
			buildSettings = {
				ASSETCATALOG_COMPILER_APPICON_NAME = AppIcon;
				CODE_SIGN_STYLE = Automatic;
				DEVELOPMENT_TEAM = 2VNRS9R64U;
				INFOPLIST_FILE = "Twitter-Sentiment-Analysis/Info.plist";
				LD_RUNPATH_SEARCH_PATHS = (
					"$(inherited)",
					"@executable_path/Frameworks",
				);
				PRODUCT_BUNDLE_IDENTIFIER = "com.elinaluaming.Twitter-Sentiment-Analysis";
				PRODUCT_NAME = "$(TARGET_NAME)";
				SWIFT_VERSION = 5.0;
				TARGETED_DEVICE_FAMILY = "1,2";
			};
			name = Debug;
		};
		EA41965D22FC9E5500276741 /* Release */ = {
			isa = XCBuildConfiguration;
			baseConfigurationReference = 1D672D2B5730A492E68C2021 /* Pods-Twitter-Sentiment-Analysis.release.xcconfig */;
			buildSettings = {
				ASSETCATALOG_COMPILER_APPICON_NAME = AppIcon;
				CODE_SIGN_STYLE = Automatic;
				DEVELOPMENT_TEAM = 2VNRS9R64U;
				INFOPLIST_FILE = "Twitter-Sentiment-Analysis/Info.plist";
				LD_RUNPATH_SEARCH_PATHS = (
					"$(inherited)",
					"@executable_path/Frameworks",
				);
				PRODUCT_BUNDLE_IDENTIFIER = "com.elinaluaming.Twitter-Sentiment-Analysis";
				PRODUCT_NAME = "$(TARGET_NAME)";
				SWIFT_VERSION = 5.0;
				TARGETED_DEVICE_FAMILY = "1,2";
			};
			name = Release;
		};
/* End XCBuildConfiguration section */

/* Begin XCConfigurationList section */
		EA41964422FC9E5400276741 /* Build configuration list for PBXProject "Twitter-Sentiment-Analysis" */ = {
			isa = XCConfigurationList;
			buildConfigurations = (
				EA41965922FC9E5500276741 /* Debug */,
				EA41965A22FC9E5500276741 /* Release */,
			);
			defaultConfigurationIsVisible = 0;
			defaultConfigurationName = Release;
		};
		EA41965B22FC9E5500276741 /* Build configuration list for PBXNativeTarget "Twitter-Sentiment-Analysis" */ = {
			isa = XCConfigurationList;
			buildConfigurations = (
				EA41965C22FC9E5500276741 /* Debug */,
				EA41965D22FC9E5500276741 /* Release */,
			);
			defaultConfigurationIsVisible = 0;
			defaultConfigurationName = Release;
		};
/* End XCConfigurationList section */
	};
	rootObject = EA41964122FC9E5400276741 /* Project object */;
}
